
Microsoft Visual Studio Solution File, Format Version 12.00
# Visual Studio Version 16
VisualStudioVersion = 16.0.29418.71
MinimumVisualStudioVersion = 10.0.40219.1
Project("{FAE04EC0-301F-11D3-BF4B-00C04F79EFBC}") = "Lab01", "Lab01\Lab01.csproj", "{E189DF47-2D55-41CB-9C7A-076CA881FA11}"
EndProject
Global
	GlobalSection(SolutionConfigurationPlatforms) = preSolution
		Debug|Any CPU = Debug|Any CPU
		Release|Any CPU = Release|Any CPU
	EndGlobalSection
	GlobalSection(ProjectConfigurationPlatforms) = postSolution
		{E189DF47-2D55-41CB-9C7A-076CA881FA11}.Debug|Any CPU.ActiveCfg = Debug|Any CPU
		{E189DF47-2D55-41CB-9C7A-076CA881FA11}.Debug|Any CPU.Build.0 = Debug|Any CPU
		{E189DF47-2D55-41CB-9C7A-076CA881FA11}.Release|Any CPU.ActiveCfg = Release|Any CPU
		{E189DF47-2D55-41CB-9C7A-076CA881FA11}.Release|Any CPU.Build.0 = Release|Any CPU
	EndGlobalSection
	GlobalSection(SolutionProperties) = preSolution
		HideSolutionNode = FALSE
	EndGlobalSection
	GlobalSection(ExtensibilityGlobals) = postSolution
		SolutionGuid = {23A0B387-E139-4623-A4C8-12B3C152ED80}
	EndGlobalSection
EndGlobal
