
Microsoft Visual Studio Solution File, Format Version 12.00
# Visual Studio Version 16
VisualStudioVersion = 16.0.29418.71
MinimumVisualStudioVersion = 10.0.40219.1
Project("{FAE04EC0-301F-11D3-BF4B-00C04F79EFBC}") = "Homework help", "Homework help\Homework help.csproj", "{D7BF93D5-6936-4CDB-AB5F-42F044621A65}"
EndProject
Global
	GlobalSection(SolutionConfigurationPlatforms) = preSolution
		Debug|Any CPU = Debug|Any CPU
		Release|Any CPU = Release|Any CPU
	EndGlobalSection
	GlobalSection(ProjectConfigurationPlatforms) = postSolution
		{D7BF93D5-6936-4CDB-AB5F-42F044621A65}.Debug|Any CPU.ActiveCfg = Debug|Any CPU
		{D7BF93D5-6936-4CDB-AB5F-42F044621A65}.Debug|Any CPU.Build.0 = Debug|Any CPU
		{D7BF93D5-6936-4CDB-AB5F-42F044621A65}.Release|Any CPU.ActiveCfg = Release|Any CPU
		{D7BF93D5-6936-4CDB-AB5F-42F044621A65}.Release|Any CPU.Build.0 = Release|Any CPU
	EndGlobalSection
	GlobalSection(SolutionProperties) = preSolution
		HideSolutionNode = FALSE
	EndGlobalSection
	GlobalSection(ExtensibilityGlobals) = postSolution
		SolutionGuid = {024F464E-7A8B-4612-9CB3-B012F2188467}
	EndGlobalSection
EndGlobal
